// !$*UTF8*$!
{
	archiveVersion = 1;
	classes = {
	};
	objectVersion = 56;
	objects = {

/* Begin PBXBuildFile section */
		3F7F09952BDA2DFE00A06600 /* LandmarkDetail.swift in Sources */ = {isa = PBXBuildFile; fileRef = 3F7F09942BDA2DFE00A06600 /* LandmarkDetail.swift */; };
		3F85BF272BDA0CD100C4A8EE /* AFL3_VanessaPrisciliaWijayaApp.swift in Sources */ = {isa = PBXBuildFile; fileRef = 3F85BF262BDA0CD100C4A8EE /* AFL3_VanessaPrisciliaWijayaApp.swift */; };
		3F85BF292BDA0CD100C4A8EE /* ContentView.swift in Sources */ = {isa = PBXBuildFile; fileRef = 3F85BF282BDA0CD100C4A8EE /* ContentView.swift */; };
		3F85BF2B2BDA0CD200C4A8EE /* Assets.xcassets in Resources */ = {isa = PBXBuildFile; fileRef = 3F85BF2A2BDA0CD200C4A8EE /* Assets.xcassets */; };
		3F85BF2E2BDA0CD200C4A8EE /* Preview Assets.xcassets in Resources */ = {isa = PBXBuildFile; fileRef = 3F85BF2D2BDA0CD200C4A8EE /* Preview Assets.xcassets */; };
		3F85BF382BDA0CD200C4A8EE /* AFL3_VanessaPrisciliaWijayaTests.swift in Sources */ = {isa = PBXBuildFile; fileRef = 3F85BF372BDA0CD200C4A8EE /* AFL3_VanessaPrisciliaWijayaTests.swift */; };
		3F85BF422BDA0CD200C4A8EE /* AFL3_VanessaPrisciliaWijayaUITests.swift in Sources */ = {isa = PBXBuildFile; fileRef = 3F85BF412BDA0CD200C4A8EE /* AFL3_VanessaPrisciliaWijayaUITests.swift */; };
		3F85BF442BDA0CD200C4A8EE /* AFL3_VanessaPrisciliaWijayaUITestsLaunchTests.swift in Sources */ = {isa = PBXBuildFile; fileRef = 3F85BF432BDA0CD200C4A8EE /* AFL3_VanessaPrisciliaWijayaUITestsLaunchTests.swift */; };
		3F85BF512BDA14D600C4A8EE /* MapView.swift in Sources */ = {isa = PBXBuildFile; fileRef = 3F85BF502BDA14D600C4A8EE /* MapView.swift */; };
		3F85BF532BDA184A00C4A8EE /* CircleImage.swift in Sources */ = {isa = PBXBuildFile; fileRef = 3F85BF522BDA184A00C4A8EE /* CircleImage.swift */; };
		3F85BF552BDA19D800C4A8EE /* Landmark.swift in Sources */ = {isa = PBXBuildFile; fileRef = 3F85BF542BDA19D800C4A8EE /* Landmark.swift */; };
		3F85BF622BDA20B700C4A8EE /* LandmarkRow.swift in Sources */ = {isa = PBXBuildFile; fileRef = 3F85BF612BDA20B700C4A8EE /* LandmarkRow.swift */; };
		3F85BF642BDA27F400C4A8EE /* LandmarkList.swift in Sources */ = {isa = PBXBuildFile; fileRef = 3F85BF632BDA27F400C4A8EE /* LandmarkList.swift */; };
		3F85BF662BDA29FA00C4A8EE /* landmarkData.json in Resources */ = {isa = PBXBuildFile; fileRef = 3F85BF652BDA29FA00C4A8EE /* landmarkData.json */; };
		3FF31E752BDB43E3002E432F /* FavoriteButton.swift in Sources */ = {isa = PBXBuildFile; fileRef = 3FF31E742BDB43E3002E432F /* FavoriteButton.swift */; };
		3FF31E7A2BDB45DA002E432F /* BadgeBackground.swift in Sources */ = {isa = PBXBuildFile; fileRef = 3FF31E792BDB45DA002E432F /* BadgeBackground.swift */; };
		3FF31E7C2BDB465B002E432F /* BadgeSymbol.swift in Sources */ = {isa = PBXBuildFile; fileRef = 3FF31E7B2BDB465B002E432F /* BadgeSymbol.swift */; };
		3FF31E7E2BDB4680002E432F /* RotatedBadgeSymbol.swift in Sources */ = {isa = PBXBuildFile; fileRef = 3FF31E7D2BDB4680002E432F /* RotatedBadgeSymbol.swift */; };
		3FF31E802BDB471C002E432F /* Badge.swift in Sources */ = {isa = PBXBuildFile; fileRef = 3FF31E7F2BDB471C002E432F /* Badge.swift */; };
		3FF31E8B2BDB48A9002E432F /* GraphCapsule.swift in Sources */ = {isa = PBXBuildFile; fileRef = 3FF31E862BDB48A9002E432F /* GraphCapsule.swift */; };
		3FF31E8C2BDB48A9002E432F /* HikeDetail.swift in Sources */ = {isa = PBXBuildFile; fileRef = 3FF31E872BDB48A9002E432F /* HikeDetail.swift */; };
		3FF31E8D2BDB48A9002E432F /* HikeGraph.swift in Sources */ = {isa = PBXBuildFile; fileRef = 3FF31E882BDB48A9002E432F /* HikeGraph.swift */; };
		3FF31E8E2BDB48A9002E432F /* HikeView.swift in Sources */ = {isa = PBXBuildFile; fileRef = 3FF31E892BDB48A9002E432F /* HikeView.swift */; };
		3FF31E902BDB48C7002E432F /* hikeData.json in Resources */ = {isa = PBXBuildFile; fileRef = 3FF31E8F2BDB48C7002E432F /* hikeData.json */; };
		3FF31E922BDB49DB002E432F /* Hike.swift in Sources */ = {isa = PBXBuildFile; fileRef = 3FF31E912BDB49DB002E432F /* Hike.swift */; };
		3FF31E942BDB4A06002E432F /* ModelData.swift in Sources */ = {isa = PBXBuildFile; fileRef = 3FF31E932BDB4A06002E432F /* ModelData.swift */; };
		3FF31E962BDB4A7A002E432F /* HexagonParameters.swift in Sources */ = {isa = PBXBuildFile; fileRef = 3FF31E952BDB4A7A002E432F /* HexagonParameters.swift */; };
/* End PBXBuildFile section */

/* Begin PBXContainerItemProxy section */
		3F85BF342BDA0CD200C4A8EE /* PBXContainerItemProxy */ = {
			isa = PBXContainerItemProxy;
			containerPortal = 3F85BF1B2BDA0CD100C4A8EE /* Project object */;
			proxyType = 1;
			remoteGlobalIDString = 3F85BF222BDA0CD100C4A8EE;
			remoteInfo = AFL3_VanessaPrisciliaWijaya;
		};
		3F85BF3E2BDA0CD200C4A8EE /* PBXContainerItemProxy */ = {
			isa = PBXContainerItemProxy;
			containerPortal = 3F85BF1B2BDA0CD100C4A8EE /* Project object */;
			proxyType = 1;
			remoteGlobalIDString = 3F85BF222BDA0CD100C4A8EE;
			remoteInfo = AFL3_VanessaPrisciliaWijaya;
		};
/* End PBXContainerItemProxy section */

/* Begin PBXFileReference section */
		3F7F09942BDA2DFE00A06600 /* LandmarkDetail.swift */ = {isa = PBXFileReference; lastKnownFileType = sourcecode.swift; path = LandmarkDetail.swift; sourceTree = "<group>"; };
		3F85BF232BDA0CD100C4A8EE /* AFL3_VanessaPrisciliaWijaya.app */ = {isa = PBXFileReference; explicitFileType = wrapper.application; includeInIndex = 0; path = AFL3_VanessaPrisciliaWijaya.app; sourceTree = BUILT_PRODUCTS_DIR; };
		3F85BF262BDA0CD100C4A8EE /* AFL3_VanessaPrisciliaWijayaApp.swift */ = {isa = PBXFileReference; lastKnownFileType = sourcecode.swift; path = AFL3_VanessaPrisciliaWijayaApp.swift; sourceTree = "<group>"; };
		3F85BF282BDA0CD100C4A8EE /* ContentView.swift */ = {isa = PBXFileReference; lastKnownFileType = sourcecode.swift; path = ContentView.swift; sourceTree = "<group>"; };
		3F85BF2A2BDA0CD200C4A8EE /* Assets.xcassets */ = {isa = PBXFileReference; lastKnownFileType = folder.assetcatalog; path = Assets.xcassets; sourceTree = "<group>"; };
		3F85BF2D2BDA0CD200C4A8EE /* Preview Assets.xcassets */ = {isa = PBXFileReference; lastKnownFileType = folder.assetcatalog; path = "Preview Assets.xcassets"; sourceTree = "<group>"; };
		3F85BF332BDA0CD200C4A8EE /* AFL3_VanessaPrisciliaWijayaTests.xctest */ = {isa = PBXFileReference; explicitFileType = wrapper.cfbundle; includeInIndex = 0; path = AFL3_VanessaPrisciliaWijayaTests.xctest; sourceTree = BUILT_PRODUCTS_DIR; };
		3F85BF372BDA0CD200C4A8EE /* AFL3_VanessaPrisciliaWijayaTests.swift */ = {isa = PBXFileReference; lastKnownFileType = sourcecode.swift; path = AFL3_VanessaPrisciliaWijayaTests.swift; sourceTree = "<group>"; };
		3F85BF3D2BDA0CD200C4A8EE /* AFL3_VanessaPrisciliaWijayaUITests.xctest */ = {isa = PBXFileReference; explicitFileType = wrapper.cfbundle; includeInIndex = 0; path = AFL3_VanessaPrisciliaWijayaUITests.xctest; sourceTree = BUILT_PRODUCTS_DIR; };
		3F85BF412BDA0CD200C4A8EE /* AFL3_VanessaPrisciliaWijayaUITests.swift */ = {isa = PBXFileReference; lastKnownFileType = sourcecode.swift; path = AFL3_VanessaPrisciliaWijayaUITests.swift; sourceTree = "<group>"; };
		3F85BF432BDA0CD200C4A8EE /* AFL3_VanessaPrisciliaWijayaUITestsLaunchTests.swift */ = {isa = PBXFileReference; lastKnownFileType = sourcecode.swift; path = AFL3_VanessaPrisciliaWijayaUITestsLaunchTests.swift; sourceTree = "<group>"; };
		3F85BF502BDA14D600C4A8EE /* MapView.swift */ = {isa = PBXFileReference; lastKnownFileType = sourcecode.swift; path = MapView.swift; sourceTree = "<group>"; };
		3F85BF522BDA184A00C4A8EE /* CircleImage.swift */ = {isa = PBXFileReference; lastKnownFileType = sourcecode.swift; path = CircleImage.swift; sourceTree = "<group>"; };
		3F85BF542BDA19D800C4A8EE /* Landmark.swift */ = {isa = PBXFileReference; lastKnownFileType = sourcecode.swift; path = Landmark.swift; sourceTree = "<group>"; };
		3F85BF612BDA20B700C4A8EE /* LandmarkRow.swift */ = {isa = PBXFileReference; lastKnownFileType = sourcecode.swift; path = LandmarkRow.swift; sourceTree = "<group>"; };
		3F85BF632BDA27F400C4A8EE /* LandmarkList.swift */ = {isa = PBXFileReference; lastKnownFileType = sourcecode.swift; path = LandmarkList.swift; sourceTree = "<group>"; };
		3F85BF652BDA29FA00C4A8EE /* landmarkData.json */ = {isa = PBXFileReference; fileEncoding = 4; lastKnownFileType = text.json; path = landmarkData.json; sourceTree = "<group>"; };
		3FF31E742BDB43E3002E432F /* FavoriteButton.swift */ = {isa = PBXFileReference; lastKnownFileType = sourcecode.swift; path = FavoriteButton.swift; sourceTree = "<group>"; };
		3FF31E792BDB45DA002E432F /* BadgeBackground.swift */ = {isa = PBXFileReference; lastKnownFileType = sourcecode.swift; path = BadgeBackground.swift; sourceTree = "<group>"; };
		3FF31E7B2BDB465B002E432F /* BadgeSymbol.swift */ = {isa = PBXFileReference; lastKnownFileType = sourcecode.swift; path = BadgeSymbol.swift; sourceTree = "<group>"; };
		3FF31E7D2BDB4680002E432F /* RotatedBadgeSymbol.swift */ = {isa = PBXFileReference; lastKnownFileType = sourcecode.swift; path = RotatedBadgeSymbol.swift; sourceTree = "<group>"; };
		3FF31E7F2BDB471C002E432F /* Badge.swift */ = {isa = PBXFileReference; lastKnownFileType = sourcecode.swift; path = Badge.swift; sourceTree = "<group>"; };
		3FF31E862BDB48A9002E432F /* GraphCapsule.swift */ = {isa = PBXFileReference; fileEncoding = 4; lastKnownFileType = sourcecode.swift; path = GraphCapsule.swift; sourceTree = "<group>"; };
		3FF31E872BDB48A9002E432F /* HikeDetail.swift */ = {isa = PBXFileReference; fileEncoding = 4; lastKnownFileType = sourcecode.swift; path = HikeDetail.swift; sourceTree = "<group>"; };
		3FF31E882BDB48A9002E432F /* HikeGraph.swift */ = {isa = PBXFileReference; fileEncoding = 4; lastKnownFileType = sourcecode.swift; path = HikeGraph.swift; sourceTree = "<group>"; };
		3FF31E892BDB48A9002E432F /* HikeView.swift */ = {isa = PBXFileReference; fileEncoding = 4; lastKnownFileType = sourcecode.swift; path = HikeView.swift; sourceTree = "<group>"; };
		3FF31E8F2BDB48C7002E432F /* hikeData.json */ = {isa = PBXFileReference; fileEncoding = 4; lastKnownFileType = text.json; path = hikeData.json; sourceTree = "<group>"; };
		3FF31E912BDB49DB002E432F /* Hike.swift */ = {isa = PBXFileReference; fileEncoding = 4; lastKnownFileType = sourcecode.swift; path = Hike.swift; sourceTree = "<group>"; };
		3FF31E932BDB4A06002E432F /* ModelData.swift */ = {isa = PBXFileReference; fileEncoding = 4; lastKnownFileType = sourcecode.swift; path = ModelData.swift; sourceTree = "<group>"; };
		3FF31E952BDB4A7A002E432F /* HexagonParameters.swift */ = {isa = PBXFileReference; fileEncoding = 4; lastKnownFileType = sourcecode.swift; path = HexagonParameters.swift; sourceTree = "<group>"; };
/* End PBXFileReference section */

/* Begin PBXFrameworksBuildPhase section */
		3F85BF202BDA0CD100C4A8EE /* Frameworks */ = {
			isa = PBXFrameworksBuildPhase;
			buildActionMask = 2147483647;
			files = (
			);
			runOnlyForDeploymentPostprocessing = 0;
		};
		3F85BF302BDA0CD200C4A8EE /* Frameworks */ = {
			isa = PBXFrameworksBuildPhase;
			buildActionMask = 2147483647;
			files = (
			);
			runOnlyForDeploymentPostprocessing = 0;
		};
		3F85BF3A2BDA0CD200C4A8EE /* Frameworks */ = {
			isa = PBXFrameworksBuildPhase;
			buildActionMask = 2147483647;
			files = (
			);
			runOnlyForDeploymentPostprocessing = 0;
		};
/* End PBXFrameworksBuildPhase section */

/* Begin PBXGroup section */
		3F85BF1A2BDA0CD100C4A8EE = {
			isa = PBXGroup;
			children = (
				3F85BF252BDA0CD100C4A8EE /* AFL3_VanessaPrisciliaWijaya */,
				3F85BF362BDA0CD200C4A8EE /* AFL3_VanessaPrisciliaWijayaTests */,
				3F85BF402BDA0CD200C4A8EE /* AFL3_VanessaPrisciliaWijayaUITests */,
				3F85BF242BDA0CD100C4A8EE /* Products */,
			);
			sourceTree = "<group>";
		};
		3F85BF242BDA0CD100C4A8EE /* Products */ = {
			isa = PBXGroup;
			children = (
				3F85BF232BDA0CD100C4A8EE /* AFL3_VanessaPrisciliaWijaya.app */,
				3F85BF332BDA0CD200C4A8EE /* AFL3_VanessaPrisciliaWijayaTests.xctest */,
				3F85BF3D2BDA0CD200C4A8EE /* AFL3_VanessaPrisciliaWijayaUITests.xctest */,
			);
			name = Products;
			sourceTree = "<group>";
		};
		3F85BF252BDA0CD100C4A8EE /* AFL3_VanessaPrisciliaWijaya */ = {
			isa = PBXGroup;
			children = (
				3FF31E8A2BDB48A9002E432F /* Hikes */,
				3FF31E812BDB4763002E432F /* Badges */,
				3FF31E762BDB440C002E432F /* Helper */,
				3F85BF2A2BDA0CD200C4A8EE /* Assets.xcassets */,
				3F85BF5A2BDA1E3400C4A8EE /* Views */,
				3F85BF262BDA0CD100C4A8EE /* AFL3_VanessaPrisciliaWijayaApp.swift */,
				3F85BF5C2BDA1E6700C4A8EE /* Resources */,
				3F85BF2C2BDA0CD200C4A8EE /* Preview Content */,
			);
			path = AFL3_VanessaPrisciliaWijaya;
			sourceTree = "<group>";
		};
		3F85BF2C2BDA0CD200C4A8EE /* Preview Content */ = {
			isa = PBXGroup;
			children = (
				3F85BF2D2BDA0CD200C4A8EE /* Preview Assets.xcassets */,
			);
			path = "Preview Content";
			sourceTree = "<group>";
		};
		3F85BF362BDA0CD200C4A8EE /* AFL3_VanessaPrisciliaWijayaTests */ = {
			isa = PBXGroup;
			children = (
				3F85BF372BDA0CD200C4A8EE /* AFL3_VanessaPrisciliaWijayaTests.swift */,
			);
			path = AFL3_VanessaPrisciliaWijayaTests;
			sourceTree = "<group>";
		};
		3F85BF402BDA0CD200C4A8EE /* AFL3_VanessaPrisciliaWijayaUITests */ = {
			isa = PBXGroup;
			children = (
				3F85BF412BDA0CD200C4A8EE /* AFL3_VanessaPrisciliaWijayaUITests.swift */,
				3F85BF432BDA0CD200C4A8EE /* AFL3_VanessaPrisciliaWijayaUITestsLaunchTests.swift */,
			);
			path = AFL3_VanessaPrisciliaWijayaUITests;
			sourceTree = "<group>";
		};
		3F85BF5A2BDA1E3400C4A8EE /* Views */ = {
			isa = PBXGroup;
			children = (
				3F85BF282BDA0CD100C4A8EE /* ContentView.swift */,
				3F85BF612BDA20B700C4A8EE /* LandmarkRow.swift */,
				3F85BF632BDA27F400C4A8EE /* LandmarkList.swift */,
				3F7F09942BDA2DFE00A06600 /* LandmarkDetail.swift */,
				3F85BF5B2BDA1E4F00C4A8EE /* Model */,
			);
			path = Views;
			sourceTree = "<group>";
		};
		3F85BF5B2BDA1E4F00C4A8EE /* Model */ = {
			isa = PBXGroup;
			children = (
				3FF31E912BDB49DB002E432F /* Hike.swift */,
				3FF31E932BDB4A06002E432F /* ModelData.swift */,
				3F85BF542BDA19D800C4A8EE /* Landmark.swift */,
			);
			path = Model;
			sourceTree = "<group>";
		};
		3F85BF5C2BDA1E6700C4A8EE /* Resources */ = {
			isa = PBXGroup;
			children = (
				3FF31E8F2BDB48C7002E432F /* hikeData.json */,
				3F85BF652BDA29FA00C4A8EE /* landmarkData.json */,
			);
			path = Resources;
			sourceTree = "<group>";
		};
		3FF31E762BDB440C002E432F /* Helper */ = {
			isa = PBXGroup;
			children = (
				3FF31E742BDB43E3002E432F /* FavoriteButton.swift */,
				3F85BF502BDA14D600C4A8EE /* MapView.swift */,
				3F85BF522BDA184A00C4A8EE /* CircleImage.swift */,
			);
			path = Helper;
			sourceTree = "<group>";
		};
		3FF31E812BDB4763002E432F /* Badges */ = {
			isa = PBXGroup;
			children = (
				3FF31E952BDB4A7A002E432F /* HexagonParameters.swift */,
				3FF31E7D2BDB4680002E432F /* RotatedBadgeSymbol.swift */,
				3FF31E7B2BDB465B002E432F /* BadgeSymbol.swift */,
				3FF31E792BDB45DA002E432F /* BadgeBackground.swift */,
				3FF31E7F2BDB471C002E432F /* Badge.swift */,
			);
			path = Badges;
			sourceTree = "<group>";
		};
		3FF31E8A2BDB48A9002E432F /* Hikes */ = {
			isa = PBXGroup;
			children = (
				3FF31E862BDB48A9002E432F /* GraphCapsule.swift */,
				3FF31E872BDB48A9002E432F /* HikeDetail.swift */,
				3FF31E882BDB48A9002E432F /* HikeGraph.swift */,
				3FF31E892BDB48A9002E432F /* HikeView.swift */,
			);
			path = Hikes;
			sourceTree = "<group>";
		};
/* End PBXGroup section */

/* Begin PBXNativeTarget section */
		3F85BF222BDA0CD100C4A8EE /* AFL3_VanessaPrisciliaWijaya */ = {
			isa = PBXNativeTarget;
			buildConfigurationList = 3F85BF472BDA0CD200C4A8EE /* Build configuration list for PBXNativeTarget "AFL3_VanessaPrisciliaWijaya" */;
			buildPhases = (
				3F85BF1F2BDA0CD100C4A8EE /* Sources */,
				3F85BF202BDA0CD100C4A8EE /* Frameworks */,
				3F85BF212BDA0CD100C4A8EE /* Resources */,
			);
			buildRules = (
			);
			dependencies = (
			);
			name = AFL3_VanessaPrisciliaWijaya;
			productName = AFL3_VanessaPrisciliaWijaya;
			productReference = 3F85BF232BDA0CD100C4A8EE /* AFL3_VanessaPrisciliaWijaya.app */;
			productType = "com.apple.product-type.application";
		};
		3F85BF322BDA0CD200C4A8EE /* AFL3_VanessaPrisciliaWijayaTests */ = {
			isa = PBXNativeTarget;
			buildConfigurationList = 3F85BF4A2BDA0CD200C4A8EE /* Build configuration list for PBXNativeTarget "AFL3_VanessaPrisciliaWijayaTests" */;
			buildPhases = (
				3F85BF2F2BDA0CD200C4A8EE /* Sources */,
				3F85BF302BDA0CD200C4A8EE /* Frameworks */,
				3F85BF312BDA0CD200C4A8EE /* Resources */,
			);
			buildRules = (
			);
			dependencies = (
				3F85BF352BDA0CD200C4A8EE /* PBXTargetDependency */,
			);
			name = AFL3_VanessaPrisciliaWijayaTests;
			productName = AFL3_VanessaPrisciliaWijayaTests;
			productReference = 3F85BF332BDA0CD200C4A8EE /* AFL3_VanessaPrisciliaWijayaTests.xctest */;
			productType = "com.apple.product-type.bundle.unit-test";
		};
		3F85BF3C2BDA0CD200C4A8EE /* AFL3_VanessaPrisciliaWijayaUITests */ = {
			isa = PBXNativeTarget;
			buildConfigurationList = 3F85BF4D2BDA0CD200C4A8EE /* Build configuration list for PBXNativeTarget "AFL3_VanessaPrisciliaWijayaUITests" */;
			buildPhases = (
				3F85BF392BDA0CD200C4A8EE /* Sources */,
				3F85BF3A2BDA0CD200C4A8EE /* Frameworks */,
				3F85BF3B2BDA0CD200C4A8EE /* Resources */,
			);
			buildRules = (
			);
			dependencies = (
				3F85BF3F2BDA0CD200C4A8EE /* PBXTargetDependency */,
			);
			name = AFL3_VanessaPrisciliaWijayaUITests;
			productName = AFL3_VanessaPrisciliaWijayaUITests;
			productReference = 3F85BF3D2BDA0CD200C4A8EE /* AFL3_VanessaPrisciliaWijayaUITests.xctest */;
			productType = "com.apple.product-type.bundle.ui-testing";
		};
/* End PBXNativeTarget section */

/* Begin PBXProject section */
		3F85BF1B2BDA0CD100C4A8EE /* Project object */ = {
			isa = PBXProject;
			attributes = {
				BuildIndependentTargetsInParallel = 1;
				LastSwiftUpdateCheck = 1530;
				LastUpgradeCheck = 1530;
				TargetAttributes = {
					3F85BF222BDA0CD100C4A8EE = {
						CreatedOnToolsVersion = 15.3;
					};
					3F85BF322BDA0CD200C4A8EE = {
						CreatedOnToolsVersion = 15.3;
						TestTargetID = 3F85BF222BDA0CD100C4A8EE;
					};
					3F85BF3C2BDA0CD200C4A8EE = {
						CreatedOnToolsVersion = 15.3;
						TestTargetID = 3F85BF222BDA0CD100C4A8EE;
					};
				};
			};
			buildConfigurationList = 3F85BF1E2BDA0CD100C4A8EE /* Build configuration list for PBXProject "AFL3_VanessaPrisciliaWijaya" */;
			compatibilityVersion = "Xcode 14.0";
			developmentRegion = en;
			hasScannedForEncodings = 0;
			knownRegions = (
				en,
				Base,
			);
			mainGroup = 3F85BF1A2BDA0CD100C4A8EE;
			productRefGroup = 3F85BF242BDA0CD100C4A8EE /* Products */;
			projectDirPath = "";
			projectRoot = "";
			targets = (
				3F85BF222BDA0CD100C4A8EE /* AFL3_VanessaPrisciliaWijaya */,
				3F85BF322BDA0CD200C4A8EE /* AFL3_VanessaPrisciliaWijayaTests */,
				3F85BF3C2BDA0CD200C4A8EE /* AFL3_VanessaPrisciliaWijayaUITests */,
			);
		};
/* End PBXProject section */

/* Begin PBXResourcesBuildPhase section */
		3F85BF212BDA0CD100C4A8EE /* Resources */ = {
			isa = PBXResourcesBuildPhase;
			buildActionMask = 2147483647;
			files = (
				3FF31E902BDB48C7002E432F /* hikeData.json in Resources */,
				3F85BF2E2BDA0CD200C4A8EE /* Preview Assets.xcassets in Resources */,
				3F85BF2B2BDA0CD200C4A8EE /* Assets.xcassets in Resources */,
				3F85BF662BDA29FA00C4A8EE /* landmarkData.json in Resources */,
			);
			runOnlyForDeploymentPostprocessing = 0;
		};
		3F85BF312BDA0CD200C4A8EE /* Resources */ = {
			isa = PBXResourcesBuildPhase;
			buildActionMask = 2147483647;
			files = (
			);
			runOnlyForDeploymentPostprocessing = 0;
		};
		3F85BF3B2BDA0CD200C4A8EE /* Resources */ = {
			isa = PBXResourcesBuildPhase;
			buildActionMask = 2147483647;
			files = (
			);
			runOnlyForDeploymentPostprocessing = 0;
		};
/* End PBXResourcesBuildPhase section */

/* Begin PBXSourcesBuildPhase section */
		3F85BF1F2BDA0CD100C4A8EE /* Sources */ = {
			isa = PBXSourcesBuildPhase;
			buildActionMask = 2147483647;
			files = (
				3FF31E962BDB4A7A002E432F /* HexagonParameters.swift in Sources */,
				3F85BF292BDA0CD100C4A8EE /* ContentView.swift in Sources */,
				3FF31E802BDB471C002E432F /* Badge.swift in Sources */,
				3FF31E8B2BDB48A9002E432F /* GraphCapsule.swift in Sources */,
				3FF31E8D2BDB48A9002E432F /* HikeGraph.swift in Sources */,
				3F85BF532BDA184A00C4A8EE /* CircleImage.swift in Sources */,
				3F85BF512BDA14D600C4A8EE /* MapView.swift in Sources */,
				3FF31E752BDB43E3002E432F /* FavoriteButton.swift in Sources */,
				3F85BF642BDA27F400C4A8EE /* LandmarkList.swift in Sources */,
				3FF31E7E2BDB4680002E432F /* RotatedBadgeSymbol.swift in Sources */,
				3FF31E922BDB49DB002E432F /* Hike.swift in Sources */,
				3FF31E7C2BDB465B002E432F /* BadgeSymbol.swift in Sources */,
				3FF31E8C2BDB48A9002E432F /* HikeDetail.swift in Sources */,
				3FF31E8E2BDB48A9002E432F /* HikeView.swift in Sources */,
				3F7F09952BDA2DFE00A06600 /* LandmarkDetail.swift in Sources */,
				3F85BF272BDA0CD100C4A8EE /* AFL3_VanessaPrisciliaWijayaApp.swift in Sources */,
				3FF31E7A2BDB45DA002E432F /* BadgeBackground.swift in Sources */,
				3FF31E942BDB4A06002E432F /* ModelData.swift in Sources */,
				3F85BF552BDA19D800C4A8EE /* Landmark.swift in Sources */,
				3F85BF622BDA20B700C4A8EE /* LandmarkRow.swift in Sources */,
			);
			runOnlyForDeploymentPostprocessing = 0;
		};
		3F85BF2F2BDA0CD200C4A8EE /* Sources */ = {
			isa = PBXSourcesBuildPhase;
			buildActionMask = 2147483647;
			files = (
				3F85BF382BDA0CD200C4A8EE /* AFL3_VanessaPrisciliaWijayaTests.swift in Sources */,
			);
			runOnlyForDeploymentPostprocessing = 0;
		};
		3F85BF392BDA0CD200C4A8EE /* Sources */ = {
			isa = PBXSourcesBuildPhase;
			buildActionMask = 2147483647;
			files = (
				3F85BF442BDA0CD200C4A8EE /* AFL3_VanessaPrisciliaWijayaUITestsLaunchTests.swift in Sources */,
				3F85BF422BDA0CD200C4A8EE /* AFL3_VanessaPrisciliaWijayaUITests.swift in Sources */,
			);
			runOnlyForDeploymentPostprocessing = 0;
		};
/* End PBXSourcesBuildPhase section */

/* Begin PBXTargetDependency section */
		3F85BF352BDA0CD200C4A8EE /* PBXTargetDependency */ = {
			isa = PBXTargetDependency;
			target = 3F85BF222BDA0CD100C4A8EE /* AFL3_VanessaPrisciliaWijaya */;
			targetProxy = 3F85BF342BDA0CD200C4A8EE /* PBXContainerItemProxy */;
		};
		3F85BF3F2BDA0CD200C4A8EE /* PBXTargetDependency */ = {
			isa = PBXTargetDependency;
			target = 3F85BF222BDA0CD100C4A8EE /* AFL3_VanessaPrisciliaWijaya */;
			targetProxy = 3F85BF3E2BDA0CD200C4A8EE /* PBXContainerItemProxy */;
		};
/* End PBXTargetDependency section */

/* Begin XCBuildConfiguration section */
		3F85BF452BDA0CD200C4A8EE /* Debug */ = {
			isa = XCBuildConfiguration;
			buildSettings = {
				ALWAYS_SEARCH_USER_PATHS = NO;
				ASSETCATALOG_COMPILER_GENERATE_SWIFT_ASSET_SYMBOL_EXTENSIONS = YES;
				CLANG_ANALYZER_NONNULL = YES;
				CLANG_ANALYZER_NUMBER_OBJECT_CONVERSION = YES_AGGRESSIVE;
				CLANG_CXX_LANGUAGE_STANDARD = "gnu++20";
				CLANG_ENABLE_MODULES = YES;
				CLANG_ENABLE_OBJC_ARC = YES;
				CLANG_ENABLE_OBJC_WEAK = YES;
				CLANG_WARN_BLOCK_CAPTURE_AUTORELEASING = YES;
				CLANG_WARN_BOOL_CONVERSION = YES;
				CLANG_WARN_COMMA = YES;
				CLANG_WARN_CONSTANT_CONVERSION = YES;
				CLANG_WARN_DEPRECATED_OBJC_IMPLEMENTATIONS = YES;
				CLANG_WARN_DIRECT_OBJC_ISA_USAGE = YES_ERROR;
				CLANG_WARN_DOCUMENTATION_COMMENTS = YES;
				CLANG_WARN_EMPTY_BODY = YES;
				CLANG_WARN_ENUM_CONVERSION = YES;
				CLANG_WARN_INFINITE_RECURSION = YES;
				CLANG_WARN_INT_CONVERSION = YES;
				CLANG_WARN_NON_LITERAL_NULL_CONVERSION = YES;
				CLANG_WARN_OBJC_IMPLICIT_RETAIN_SELF = YES;
				CLANG_WARN_OBJC_LITERAL_CONVERSION = YES;
				CLANG_WARN_OBJC_ROOT_CLASS = YES_ERROR;
				CLANG_WARN_QUOTED_INCLUDE_IN_FRAMEWORK_HEADER = YES;
				CLANG_WARN_RANGE_LOOP_ANALYSIS = YES;
				CLANG_WARN_STRICT_PROTOTYPES = YES;
				CLANG_WARN_SUSPICIOUS_MOVE = YES;
				CLANG_WARN_UNGUARDED_AVAILABILITY = YES_AGGRESSIVE;
				CLANG_WARN_UNREACHABLE_CODE = YES;
				CLANG_WARN__DUPLICATE_METHOD_MATCH = YES;
				COPY_PHASE_STRIP = NO;
				DEBUG_INFORMATION_FORMAT = dwarf;
				ENABLE_STRICT_OBJC_MSGSEND = YES;
				ENABLE_TESTABILITY = YES;
				ENABLE_USER_SCRIPT_SANDBOXING = YES;
				GCC_C_LANGUAGE_STANDARD = gnu17;
				GCC_DYNAMIC_NO_PIC = NO;
				GCC_NO_COMMON_BLOCKS = YES;
				GCC_OPTIMIZATION_LEVEL = 0;
				GCC_PREPROCESSOR_DEFINITIONS = (
					"DEBUG=1",
					"$(inherited)",
				);
				GCC_WARN_64_TO_32_BIT_CONVERSION = YES;
				GCC_WARN_ABOUT_RETURN_TYPE = YES_ERROR;
				GCC_WARN_UNDECLARED_SELECTOR = YES;
				GCC_WARN_UNINITIALIZED_AUTOS = YES_AGGRESSIVE;
				GCC_WARN_UNUSED_FUNCTION = YES;
				GCC_WARN_UNUSED_VARIABLE = YES;
				IPHONEOS_DEPLOYMENT_TARGET = 17.4;
				LOCALIZATION_PREFERS_STRING_CATALOGS = YES;
				MTL_ENABLE_DEBUG_INFO = INCLUDE_SOURCE;
				MTL_FAST_MATH = YES;
				ONLY_ACTIVE_ARCH = YES;
				SDKROOT = iphoneos;
				SWIFT_ACTIVE_COMPILATION_CONDITIONS = "DEBUG $(inherited)";
				SWIFT_OPTIMIZATION_LEVEL = "-Onone";
			};
			name = Debug;
		};
		3F85BF462BDA0CD200C4A8EE /* Release */ = {
			isa = XCBuildConfiguration;
			buildSettings = {
				ALWAYS_SEARCH_USER_PATHS = NO;
				ASSETCATALOG_COMPILER_GENERATE_SWIFT_ASSET_SYMBOL_EXTENSIONS = YES;
				CLANG_ANALYZER_NONNULL = YES;
				CLANG_ANALYZER_NUMBER_OBJECT_CONVERSION = YES_AGGRESSIVE;
				CLANG_CXX_LANGUAGE_STANDARD = "gnu++20";
				CLANG_ENABLE_MODULES = YES;
				CLANG_ENABLE_OBJC_ARC = YES;
				CLANG_ENABLE_OBJC_WEAK = YES;
				CLANG_WARN_BLOCK_CAPTURE_AUTORELEASING = YES;
				CLANG_WARN_BOOL_CONVERSION = YES;
				CLANG_WARN_COMMA = YES;
				CLANG_WARN_CONSTANT_CONVERSION = YES;
				CLANG_WARN_DEPRECATED_OBJC_IMPLEMENTATIONS = YES;
				CLANG_WARN_DIRECT_OBJC_ISA_USAGE = YES_ERROR;
				CLANG_WARN_DOCUMENTATION_COMMENTS = YES;
				CLANG_WARN_EMPTY_BODY = YES;
				CLANG_WARN_ENUM_CONVERSION = YES;
				CLANG_WARN_INFINITE_RECURSION = YES;
				CLANG_WARN_INT_CONVERSION = YES;
				CLANG_WARN_NON_LITERAL_NULL_CONVERSION = YES;
				CLANG_WARN_OBJC_IMPLICIT_RETAIN_SELF = YES;
				CLANG_WARN_OBJC_LITERAL_CONVERSION = YES;
				CLANG_WARN_OBJC_ROOT_CLASS = YES_ERROR;
				CLANG_WARN_QUOTED_INCLUDE_IN_FRAMEWORK_HEADER = YES;
				CLANG_WARN_RANGE_LOOP_ANALYSIS = YES;
				CLANG_WARN_STRICT_PROTOTYPES = YES;
				CLANG_WARN_SUSPICIOUS_MOVE = YES;
				CLANG_WARN_UNGUARDED_AVAILABILITY = YES_AGGRESSIVE;
				CLANG_WARN_UNREACHABLE_CODE = YES;
				CLANG_WARN__DUPLICATE_METHOD_MATCH = YES;
				COPY_PHASE_STRIP = NO;
				DEBUG_INFORMATION_FORMAT = "dwarf-with-dsym";
				ENABLE_NS_ASSERTIONS = NO;
				ENABLE_STRICT_OBJC_MSGSEND = YES;
				ENABLE_USER_SCRIPT_SANDBOXING = YES;
				GCC_C_LANGUAGE_STANDARD = gnu17;
				GCC_NO_COMMON_BLOCKS = YES;
				GCC_WARN_64_TO_32_BIT_CONVERSION = YES;
				GCC_WARN_ABOUT_RETURN_TYPE = YES_ERROR;
				GCC_WARN_UNDECLARED_SELECTOR = YES;
				GCC_WARN_UNINITIALIZED_AUTOS = YES_AGGRESSIVE;
				GCC_WARN_UNUSED_FUNCTION = YES;
				GCC_WARN_UNUSED_VARIABLE = YES;
				IPHONEOS_DEPLOYMENT_TARGET = 17.4;
				LOCALIZATION_PREFERS_STRING_CATALOGS = YES;
				MTL_ENABLE_DEBUG_INFO = NO;
				MTL_FAST_MATH = YES;
				SDKROOT = iphoneos;
				SWIFT_COMPILATION_MODE = wholemodule;
				VALIDATE_PRODUCT = YES;
			};
			name = Release;
		};
		3F85BF482BDA0CD200C4A8EE /* Debug */ = {
			isa = XCBuildConfiguration;
			buildSettings = {
				ASSETCATALOG_COMPILER_APPICON_NAME = AppIcon;
				ASSETCATALOG_COMPILER_GLOBAL_ACCENT_COLOR_NAME = AccentColor;
				CODE_SIGN_STYLE = Automatic;
				CURRENT_PROJECT_VERSION = 1;
				DEVELOPMENT_ASSET_PATHS = "\"AFL3_VanessaPrisciliaWijaya/Preview Content\"";
				DEVELOPMENT_TEAM = 3B89X8VBLQ;
				ENABLE_PREVIEWS = YES;
				GENERATE_INFOPLIST_FILE = YES;
				INFOPLIST_KEY_UIApplicationSceneManifest_Generation = YES;
				INFOPLIST_KEY_UIApplicationSupportsIndirectInputEvents = YES;
				INFOPLIST_KEY_UILaunchScreen_Generation = YES;
				INFOPLIST_KEY_UISupportedInterfaceOrientations_iPad = "UIInterfaceOrientationPortrait UIInterfaceOrientationPortraitUpsideDown UIInterfaceOrientationLandscapeLeft UIInterfaceOrientationLandscapeRight";
				INFOPLIST_KEY_UISupportedInterfaceOrientations_iPhone = "UIInterfaceOrientationPortrait UIInterfaceOrientationLandscapeLeft UIInterfaceOrientationLandscapeRight";
				LD_RUNPATH_SEARCH_PATHS = (
					"$(inherited)",
					"@executable_path/Frameworks",
				);
				MARKETING_VERSION = 1.0;
				PRODUCT_BUNDLE_IDENTIFIER = "UC.AFL3-VanessaPrisciliaWijaya";
				PRODUCT_NAME = "$(TARGET_NAME)";
				SWIFT_EMIT_LOC_STRINGS = YES;
				SWIFT_VERSION = 5.0;
				TARGETED_DEVICE_FAMILY = "1,2";
			};
			name = Debug;
		};
		3F85BF492BDA0CD200C4A8EE /* Release */ = {
			isa = XCBuildConfiguration;
			buildSettings = {
				ASSETCATALOG_COMPILER_APPICON_NAME = AppIcon;
				ASSETCATALOG_COMPILER_GLOBAL_ACCENT_COLOR_NAME = AccentColor;
				CODE_SIGN_STYLE = Automatic;
				CURRENT_PROJECT_VERSION = 1;
				DEVELOPMENT_ASSET_PATHS = "\"AFL3_VanessaPrisciliaWijaya/Preview Content\"";
				DEVELOPMENT_TEAM = 3B89X8VBLQ;
				ENABLE_PREVIEWS = YES;
				GENERATE_INFOPLIST_FILE = YES;
				INFOPLIST_KEY_UIApplicationSceneManifest_Generation = YES;
				INFOPLIST_KEY_UIApplicationSupportsIndirectInputEvents = YES;
				INFOPLIST_KEY_UILaunchScreen_Generation = YES;
				INFOPLIST_KEY_UISupportedInterfaceOrientations_iPad = "UIInterfaceOrientationPortrait UIInterfaceOrientationPortraitUpsideDown UIInterfaceOrientationLandscapeLeft UIInterfaceOrientationLandscapeRight";
				INFOPLIST_KEY_UISupportedInterfaceOrientations_iPhone = "UIInterfaceOrientationPortrait UIInterfaceOrientationLandscapeLeft UIInterfaceOrientationLandscapeRight";
				LD_RUNPATH_SEARCH_PATHS = (
					"$(inherited)",
					"@executable_path/Frameworks",
				);
				MARKETING_VERSION = 1.0;
				PRODUCT_BUNDLE_IDENTIFIER = "UC.AFL3-VanessaPrisciliaWijaya";
				PRODUCT_NAME = "$(TARGET_NAME)";
				SWIFT_EMIT_LOC_STRINGS = YES;
				SWIFT_VERSION = 5.0;
				TARGETED_DEVICE_FAMILY = "1,2";
			};
			name = Release;
		};
		3F85BF4B2BDA0CD200C4A8EE /* Debug */ = {
			isa = XCBuildConfiguration;
			buildSettings = {
				ALWAYS_EMBED_SWIFT_STANDARD_LIBRARIES = YES;
				BUNDLE_LOADER = "$(TEST_HOST)";
				CODE_SIGN_STYLE = Automatic;
				CURRENT_PROJECT_VERSION = 1;
				DEVELOPMENT_TEAM = 3B89X8VBLQ;
				GENERATE_INFOPLIST_FILE = YES;
				IPHONEOS_DEPLOYMENT_TARGET = 17.4;
				MARKETING_VERSION = 1.0;
				PRODUCT_BUNDLE_IDENTIFIER = "UC.AFL3-VanessaPrisciliaWijayaTests";
				PRODUCT_NAME = "$(TARGET_NAME)";
				SWIFT_EMIT_LOC_STRINGS = NO;
				SWIFT_VERSION = 5.0;
				TARGETED_DEVICE_FAMILY = "1,2";
				TEST_HOST = "$(BUILT_PRODUCTS_DIR)/AFL3_VanessaPrisciliaWijaya.app/$(BUNDLE_EXECUTABLE_FOLDER_PATH)/AFL3_VanessaPrisciliaWijaya";
			};
			name = Debug;
		};
		3F85BF4C2BDA0CD200C4A8EE /* Release */ = {
			isa = XCBuildConfiguration;
			buildSettings = {
				ALWAYS_EMBED_SWIFT_STANDARD_LIBRARIES = YES;
				BUNDLE_LOADER = "$(TEST_HOST)";
				CODE_SIGN_STYLE = Automatic;
				CURRENT_PROJECT_VERSION = 1;
				DEVELOPMENT_TEAM = 3B89X8VBLQ;
				GENERATE_INFOPLIST_FILE = YES;
				IPHONEOS_DEPLOYMENT_TARGET = 17.4;
				MARKETING_VERSION = 1.0;
				PRODUCT_BUNDLE_IDENTIFIER = "UC.AFL3-VanessaPrisciliaWijayaTests";
				PRODUCT_NAME = "$(TARGET_NAME)";
				SWIFT_EMIT_LOC_STRINGS = NO;
				SWIFT_VERSION = 5.0;
				TARGETED_DEVICE_FAMILY = "1,2";
				TEST_HOST = "$(BUILT_PRODUCTS_DIR)/AFL3_VanessaPrisciliaWijaya.app/$(BUNDLE_EXECUTABLE_FOLDER_PATH)/AFL3_VanessaPrisciliaWijaya";
			};
			name = Release;
		};
		3F85BF4E2BDA0CD200C4A8EE /* Debug */ = {
			isa = XCBuildConfiguration;
			buildSettings = {
				ALWAYS_EMBED_SWIFT_STANDARD_LIBRARIES = YES;
				CODE_SIGN_STYLE = Automatic;
				CURRENT_PROJECT_VERSION = 1;
				DEVELOPMENT_TEAM = 3B89X8VBLQ;
				GENERATE_INFOPLIST_FILE = YES;
				MARKETING_VERSION = 1.0;
				PRODUCT_BUNDLE_IDENTIFIER = "UC.AFL3-VanessaPrisciliaWijayaUITests";
				PRODUCT_NAME = "$(TARGET_NAME)";
				SWIFT_EMIT_LOC_STRINGS = NO;
				SWIFT_VERSION = 5.0;
				TARGETED_DEVICE_FAMILY = "1,2";
				TEST_TARGET_NAME = AFL3_VanessaPrisciliaWijaya;
			};
			name = Debug;
		};
		3F85BF4F2BDA0CD200C4A8EE /* Release */ = {
			isa = XCBuildConfiguration;
			buildSettings = {
				ALWAYS_EMBED_SWIFT_STANDARD_LIBRARIES = YES;
				CODE_SIGN_STYLE = Automatic;
				CURRENT_PROJECT_VERSION = 1;
				DEVELOPMENT_TEAM = 3B89X8VBLQ;
				GENERATE_INFOPLIST_FILE = YES;
				MARKETING_VERSION = 1.0;
				PRODUCT_BUNDLE_IDENTIFIER = "UC.AFL3-VanessaPrisciliaWijayaUITests";
				PRODUCT_NAME = "$(TARGET_NAME)";
				SWIFT_EMIT_LOC_STRINGS = NO;
				SWIFT_VERSION = 5.0;
				TARGETED_DEVICE_FAMILY = "1,2";
				TEST_TARGET_NAME = AFL3_VanessaPrisciliaWijaya;
			};
			name = Release;
		};
/* End XCBuildConfiguration section */

/* Begin XCConfigurationList section */
		3F85BF1E2BDA0CD100C4A8EE /* Build configuration list for PBXProject "AFL3_VanessaPrisciliaWijaya" */ = {
			isa = XCConfigurationList;
			buildConfigurations = (
				3F85BF452BDA0CD200C4A8EE /* Debug */,
				3F85BF462BDA0CD200C4A8EE /* Release */,
			);
			defaultConfigurationIsVisible = 0;
			defaultConfigurationName = Release;
		};
		3F85BF472BDA0CD200C4A8EE /* Build configuration list for PBXNativeTarget "AFL3_VanessaPrisciliaWijaya" */ = {
			isa = XCConfigurationList;
			buildConfigurations = (
				3F85BF482BDA0CD200C4A8EE /* Debug */,
				3F85BF492BDA0CD200C4A8EE /* Release */,
			);
			defaultConfigurationIsVisible = 0;
			defaultConfigurationName = Release;
		};
		3F85BF4A2BDA0CD200C4A8EE /* Build configuration list for PBXNativeTarget "AFL3_VanessaPrisciliaWijayaTests" */ = {
			isa = XCConfigurationList;
			buildConfigurations = (
				3F85BF4B2BDA0CD200C4A8EE /* Debug */,
				3F85BF4C2BDA0CD200C4A8EE /* Release */,
			);
			defaultConfigurationIsVisible = 0;
			defaultConfigurationName = Release;
		};
		3F85BF4D2BDA0CD200C4A8EE /* Build configuration list for PBXNativeTarget "AFL3_VanessaPrisciliaWijayaUITests" */ = {
			isa = XCConfigurationList;
			buildConfigurations = (
				3F85BF4E2BDA0CD200C4A8EE /* Debug */,
				3F85BF4F2BDA0CD200C4A8EE /* Release */,
			);
			defaultConfigurationIsVisible = 0;
			defaultConfigurationName = Release;
		};
/* End XCConfigurationList section */
	};
	rootObject = 3F85BF1B2BDA0CD100C4A8EE /* Project object */;
}
